Microsoft Visual Studio Solution File, Format Version 12.00
# Visual Studio Version 17
VisualStudioVersion = 17.5.2.0
MinimumVisualStudioVersion = 10.0.40219.1
Project("{FAE04EC0-301F-11D3-BF4B-00C04F79EFBC}") = "ShoppingCartActivity", "ShoppingCartActivity.csproj", "{86432C60-91EA-FFD1-E297-F133DA54CF11}"
EndProject
Global
	GlobalSection(SolutionConfigurationPlatforms) = preSolution
		Debug|Any CPU = Debug|Any CPU
		Release|Any CPU = Release|Any CPU
	EndGlobalSection
	GlobalSection(ProjectConfigurationPlatforms) = postSolution
		{86432C60-91EA-FFD1-E297-F133DA54CF11}.Debug|Any CPU.ActiveCfg = Debug|Any CPU
		{86432C60-91EA-FFD1-E297-F133DA54CF11}.Debug|Any CPU.Build.0 = Debug|Any CPU
		{86432C60-91EA-FFD1-E297-F133DA54CF11}.Release|Any CPU.ActiveCfg = Release|Any CPU
		{86432C60-91EA-FFD1-E297-F133DA54CF11}.Release|Any CPU.Build.0 = Release|Any CPU
	EndGlobalSection
	GlobalSection(SolutionProperties) = preSolution
		HideSolutionNode = FALSE
	EndGlobalSection
	GlobalSection(ExtensibilityGlobals) = postSolution
		SolutionGuid = {D127C821-470A-4A90-BC37-BDBE397B69AB}
	EndGlobalSection
EndGlobal
